
Microsoft Visual Studio Solution File, Format Version 12.00
# Visual Studio Version 16
VisualStudioVersion = 16.0.31105.61
MinimumVisualStudioVersion = 10.0.40219.1
Project("{FAE04EC0-301F-11D3-BF4B-00C04F79EFBC}") = "BLAZOR_DialogBoxandAlert", "BLAZOR_DialogBoxandAlert\BLAZOR_DialogBoxandAlert.csproj", "{2E9D12DE-AE6F-45F2-B080-4AA4D18BE355}"
EndProject
Global
	GlobalSection(SolutionConfigurationPlatforms) = preSolution
		Debug|Any CPU = Debug|Any CPU
		Release|Any CPU = Release|Any CPU
	EndGlobalSection
	GlobalSection(ProjectConfigurationPlatforms) = postSolution
		{2E9D12DE-AE6F-45F2-B080-4AA4D18BE355}.Debug|Any CPU.ActiveCfg = Debug|Any CPU
		{2E9D12DE-AE6F-45F2-B080-4AA4D18BE355}.Debug|Any CPU.Build.0 = Debug|Any CPU
		{2E9D12DE-AE6F-45F2-B080-4AA4D18BE355}.Release|Any CPU.ActiveCfg = Release|Any CPU
		{2E9D12DE-AE6F-45F2-B080-4AA4D18BE355}.Release|Any CPU.Build.0 = Release|Any CPU
	EndGlobalSection
	GlobalSection(SolutionProperties) = preSolution
		HideSolutionNode = FALSE
	EndGlobalSection
	GlobalSection(ExtensibilityGlobals) = postSolution
		SolutionGuid = {34B76EBB-907F-48CA-AA81-4CC1DBA19143}
	EndGlobalSection
EndGlobal
